
Microsoft Visual Studio Solution File, Format Version 12.00
# Visual Studio 2012
Project("{FAE04EC0-301F-11D3-BF4B-00C04F79EFBC}") = "POCsXamariniOS", "POCsXamariniOS\POCsXamariniOS.csproj", "{61EF37CC-75AF-4BDC-A90C-F5AEF044BF26}"
EndProject
Project("{FAE04EC0-301F-11D3-BF4B-00C04F79EFBC}") = "POCsXamariniOS.UITests", "POCsXamariniOS.UITests\POCsXamariniOS.UITests.csproj", "{887F66EA-AFF5-4D79-B244-767D4F17F9D9}"
EndProject
Global
	GlobalSection(SolutionConfigurationPlatforms) = preSolution
		Debug|iPhoneSimulator = Debug|iPhoneSimulator
		Release|iPhone = Release|iPhone
		Release|iPhoneSimulator = Release|iPhoneSimulator
		Debug|iPhone = Debug|iPhone
		Debug|Any CPU = Debug|Any CPU
		Release|Any CPU = Release|Any CPU
	EndGlobalSection
	GlobalSection(ProjectConfigurationPlatforms) = postSolution
		{61EF37CC-75AF-4BDC-A90C-F5AEF044BF26}.Debug|Any CPU.ActiveCfg = Debug|iPhoneSimulator
		{61EF37CC-75AF-4BDC-A90C-F5AEF044BF26}.Debug|Any CPU.Build.0 = Debug|iPhoneSimulator
		{61EF37CC-75AF-4BDC-A90C-F5AEF044BF26}.Debug|iPhone.ActiveCfg = Debug|iPhone
		{61EF37CC-75AF-4BDC-A90C-F5AEF044BF26}.Debug|iPhone.Build.0 = Debug|iPhone
		{61EF37CC-75AF-4BDC-A90C-F5AEF044BF26}.Debug|iPhoneSimulator.ActiveCfg = Debug|iPhoneSimulator
		{61EF37CC-75AF-4BDC-A90C-F5AEF044BF26}.Debug|iPhoneSimulator.Build.0 = Debug|iPhoneSimulator
		{61EF37CC-75AF-4BDC-A90C-F5AEF044BF26}.Release|Any CPU.ActiveCfg = Release|iPhone
		{61EF37CC-75AF-4BDC-A90C-F5AEF044BF26}.Release|Any CPU.Build.0 = Release|iPhone
		{61EF37CC-75AF-4BDC-A90C-F5AEF044BF26}.Release|iPhone.ActiveCfg = Release|iPhone
		{61EF37CC-75AF-4BDC-A90C-F5AEF044BF26}.Release|iPhone.Build.0 = Release|iPhone
		{61EF37CC-75AF-4BDC-A90C-F5AEF044BF26}.Release|iPhoneSimulator.ActiveCfg = Release|iPhoneSimulator
		{61EF37CC-75AF-4BDC-A90C-F5AEF044BF26}.Release|iPhoneSimulator.Build.0 = Release|iPhoneSimulator
		{887F66EA-AFF5-4D79-B244-767D4F17F9D9}.Debug|Any CPU.ActiveCfg = Debug|Any CPU
		{887F66EA-AFF5-4D79-B244-767D4F17F9D9}.Debug|Any CPU.Build.0 = Debug|Any CPU
		{887F66EA-AFF5-4D79-B244-767D4F17F9D9}.Debug|iPhone.ActiveCfg = Debug|Any CPU
		{887F66EA-AFF5-4D79-B244-767D4F17F9D9}.Debug|iPhone.Build.0 = Debug|Any CPU
		{887F66EA-AFF5-4D79-B244-767D4F17F9D9}.Debug|iPhoneSimulator.ActiveCfg = Debug|Any CPU
		{887F66EA-AFF5-4D79-B244-767D4F17F9D9}.Debug|iPhoneSimulator.Build.0 = Debug|Any CPU
		{887F66EA-AFF5-4D79-B244-767D4F17F9D9}.Release|Any CPU.ActiveCfg = Release|Any CPU
		{887F66EA-AFF5-4D79-B244-767D4F17F9D9}.Release|Any CPU.Build.0 = Release|Any CPU
		{887F66EA-AFF5-4D79-B244-767D4F17F9D9}.Release|iPhone.ActiveCfg = Release|Any CPU
		{887F66EA-AFF5-4D79-B244-767D4F17F9D9}.Release|iPhone.Build.0 = Release|Any CPU
		{887F66EA-AFF5-4D79-B244-767D4F17F9D9}.Release|iPhoneSimulator.ActiveCfg = Release|Any CPU
		{887F66EA-AFF5-4D79-B244-767D4F17F9D9}.Release|iPhoneSimulator.Build.0 = Release|Any CPU
	EndGlobalSection
EndGlobal
